
Microsoft Visual Studio Solution File, Format Version 12.00
# Visual Studio Version 17
VisualStudioVersion = 17.1.32210.238
MinimumVisualStudioVersion = 10.0.40219.1
Project("{FAE04EC0-301F-11D3-BF4B-00C04F79EFBC}") = "Method Overriding_PBO", "Method Overriding_PBO.csproj", "{A59F832D-0698-4C3E-8555-D22A2E7C7B52}"
EndProject
Global
	GlobalSection(SolutionConfigurationPlatforms) = preSolution
		Debug|Any CPU = Debug|Any CPU
		Release|Any CPU = Release|Any CPU
	EndGlobalSection
	GlobalSection(ProjectConfigurationPlatforms) = postSolution
		{A59F832D-0698-4C3E-8555-D22A2E7C7B52}.Debug|Any CPU.ActiveCfg = Debug|Any CPU
		{A59F832D-0698-4C3E-8555-D22A2E7C7B52}.Debug|Any CPU.Build.0 = Debug|Any CPU
		{A59F832D-0698-4C3E-8555-D22A2E7C7B52}.Release|Any CPU.ActiveCfg = Release|Any CPU
		{A59F832D-0698-4C3E-8555-D22A2E7C7B52}.Release|Any CPU.Build.0 = Release|Any CPU
	EndGlobalSection
	GlobalSection(SolutionProperties) = preSolution
		HideSolutionNode = FALSE
	EndGlobalSection
	GlobalSection(ExtensibilityGlobals) = postSolution
		SolutionGuid = {C4BE90DC-AF1A-4385-ABAA-2766EBD31A40}
	EndGlobalSection
EndGlobal
